
Microsoft Visual Studio Solution File, Format Version 12.00
Project("{FAE04EC0-301F-11D3-BF4B-00C04F79EFBC}") = "PathPaver.Web", "PathPaver.Web\PathPaver.Web.csproj", "{CC4C324F-1A84-4D29-BF9F-6FC917E57AD6}"
EndProject
Project("{FAE04EC0-301F-11D3-BF4B-00C04F79EFBC}") = "PathPaver.Domain", "PathPaver.Domain\PathPaver.Domain.csproj", "{05652DAC-3065-4AC5-AF7F-5A02317E9E39}"
EndProject
Project("{FAE04EC0-301F-11D3-BF4B-00C04F79EFBC}") = "PathPaver.Persistence", "PathPaver.Persistence\PathPaver.Persistence.csproj", "{8A55B22D-4B59-4FA0-A2D0-CA5727EAE8EF}"
EndProject
Project("{FAE04EC0-301F-11D3-BF4B-00C04F79EFBC}") = "PathPaver.Application", "PathPaver.Application\PathPaver.Application.csproj", "{38A4FB1A-2D6E-43BA-BF63-BF7146B72437}"
EndProject
Global
	GlobalSection(SolutionConfigurationPlatforms) = preSolution
		Debug|Any CPU = Debug|Any CPU
		Release|Any CPU = Release|Any CPU
	EndGlobalSection
	GlobalSection(ProjectConfigurationPlatforms) = postSolution
		{CC4C324F-1A84-4D29-BF9F-6FC917E57AD6}.Debug|Any CPU.ActiveCfg = Debug|Any CPU
		{CC4C324F-1A84-4D29-BF9F-6FC917E57AD6}.Debug|Any CPU.Build.0 = Debug|Any CPU
		{CC4C324F-1A84-4D29-BF9F-6FC917E57AD6}.Release|Any CPU.ActiveCfg = Release|Any CPU
		{CC4C324F-1A84-4D29-BF9F-6FC917E57AD6}.Release|Any CPU.Build.0 = Release|Any CPU
		{05652DAC-3065-4AC5-AF7F-5A02317E9E39}.Debug|Any CPU.ActiveCfg = Debug|Any CPU
		{05652DAC-3065-4AC5-AF7F-5A02317E9E39}.Debug|Any CPU.Build.0 = Debug|Any CPU
		{05652DAC-3065-4AC5-AF7F-5A02317E9E39}.Release|Any CPU.ActiveCfg = Release|Any CPU
		{05652DAC-3065-4AC5-AF7F-5A02317E9E39}.Release|Any CPU.Build.0 = Release|Any CPU
		{8A55B22D-4B59-4FA0-A2D0-CA5727EAE8EF}.Debug|Any CPU.ActiveCfg = Debug|Any CPU
		{8A55B22D-4B59-4FA0-A2D0-CA5727EAE8EF}.Debug|Any CPU.Build.0 = Debug|Any CPU
		{8A55B22D-4B59-4FA0-A2D0-CA5727EAE8EF}.Release|Any CPU.ActiveCfg = Release|Any CPU
		{8A55B22D-4B59-4FA0-A2D0-CA5727EAE8EF}.Release|Any CPU.Build.0 = Release|Any CPU
		{38A4FB1A-2D6E-43BA-BF63-BF7146B72437}.Debug|Any CPU.ActiveCfg = Debug|Any CPU
		{38A4FB1A-2D6E-43BA-BF63-BF7146B72437}.Debug|Any CPU.Build.0 = Debug|Any CPU
		{38A4FB1A-2D6E-43BA-BF63-BF7146B72437}.Release|Any CPU.ActiveCfg = Release|Any CPU
		{38A4FB1A-2D6E-43BA-BF63-BF7146B72437}.Release|Any CPU.Build.0 = Release|Any CPU
	EndGlobalSection
EndGlobal
